
Microsoft Visual Studio Solution File, Format Version 12.00
# Visual Studio Version 17
VisualStudioVersion = 17.10.35013.160
MinimumVisualStudioVersion = 10.0.40219.1
Project("{9A19103F-16F7-4668-BE54-9A1E7A4F7556}") = "1_S_Single_Responsibility_Principle", "1_S_Single_Responsibility_Principle\1_S_Single_Responsibility_Principle.csproj", "{D6DF2215-BCB4-4A78-9A0D-784FD7FDCADA}"
EndProject
Project("{FAE04EC0-301F-11D3-BF4B-00C04F79EFBC}") = "2_O_Open_Closed_Principle", "2_O_Open_Closed_Principle\2_O_Open_Closed_Principle.csproj", "{8DA87104-1FCE-4E04-974F-F491C06C57E3}"
EndProject
Project("{FAE04EC0-301F-11D3-BF4B-00C04F79EFBC}") = "3_L_Liskov_Substitution_Principle", "3_L_Liskov_Substitution_Principle\3_L_Liskov_Substitution_Principle.csproj", "{D6ED2337-6D12-42FF-A30E-F330414B1402}"
EndProject
Project("{FAE04EC0-301F-11D3-BF4B-00C04F79EFBC}") = "4_I_Interface_Segregation_Principle", "4_I_Interface_Segregation_Principle\4_I_Interface_Segregation_Principle.csproj", "{BFC94AA0-7F8B-4C1A-AA1C-C1CB3A57E535}"
EndProject
Project("{FAE04EC0-301F-11D3-BF4B-00C04F79EFBC}") = "5_D_Dependency_Inversion_Principle", "5_D_Dependency_Inversion_Principle\5_D_Dependency_Inversion_Principle.csproj", "{9B8CE20C-62BC-4720-8EA3-5CEA8D65DF31}"
EndProject
Global
	GlobalSection(SolutionConfigurationPlatforms) = preSolution
		Debug|Any CPU = Debug|Any CPU
		Release|Any CPU = Release|Any CPU
	EndGlobalSection
	GlobalSection(ProjectConfigurationPlatforms) = postSolution
		{D6DF2215-BCB4-4A78-9A0D-784FD7FDCADA}.Debug|Any CPU.ActiveCfg = Debug|Any CPU
		{D6DF2215-BCB4-4A78-9A0D-784FD7FDCADA}.Debug|Any CPU.Build.0 = Debug|Any CPU
		{D6DF2215-BCB4-4A78-9A0D-784FD7FDCADA}.Release|Any CPU.ActiveCfg = Release|Any CPU
		{D6DF2215-BCB4-4A78-9A0D-784FD7FDCADA}.Release|Any CPU.Build.0 = Release|Any CPU
		{8DA87104-1FCE-4E04-974F-F491C06C57E3}.Debug|Any CPU.ActiveCfg = Debug|Any CPU
		{8DA87104-1FCE-4E04-974F-F491C06C57E3}.Debug|Any CPU.Build.0 = Debug|Any CPU
		{8DA87104-1FCE-4E04-974F-F491C06C57E3}.Release|Any CPU.ActiveCfg = Release|Any CPU
		{8DA87104-1FCE-4E04-974F-F491C06C57E3}.Release|Any CPU.Build.0 = Release|Any CPU
		{D6ED2337-6D12-42FF-A30E-F330414B1402}.Debug|Any CPU.ActiveCfg = Debug|Any CPU
		{D6ED2337-6D12-42FF-A30E-F330414B1402}.Debug|Any CPU.Build.0 = Debug|Any CPU
		{D6ED2337-6D12-42FF-A30E-F330414B1402}.Release|Any CPU.ActiveCfg = Release|Any CPU
		{D6ED2337-6D12-42FF-A30E-F330414B1402}.Release|Any CPU.Build.0 = Release|Any CPU
		{BFC94AA0-7F8B-4C1A-AA1C-C1CB3A57E535}.Debug|Any CPU.ActiveCfg = Debug|Any CPU
		{BFC94AA0-7F8B-4C1A-AA1C-C1CB3A57E535}.Debug|Any CPU.Build.0 = Debug|Any CPU
		{BFC94AA0-7F8B-4C1A-AA1C-C1CB3A57E535}.Release|Any CPU.ActiveCfg = Release|Any CPU
		{BFC94AA0-7F8B-4C1A-AA1C-C1CB3A57E535}.Release|Any CPU.Build.0 = Release|Any CPU
		{9B8CE20C-62BC-4720-8EA3-5CEA8D65DF31}.Debug|Any CPU.ActiveCfg = Debug|Any CPU
		{9B8CE20C-62BC-4720-8EA3-5CEA8D65DF31}.Debug|Any CPU.Build.0 = Debug|Any CPU
		{9B8CE20C-62BC-4720-8EA3-5CEA8D65DF31}.Release|Any CPU.ActiveCfg = Release|Any CPU
		{9B8CE20C-62BC-4720-8EA3-5CEA8D65DF31}.Release|Any CPU.Build.0 = Release|Any CPU
	EndGlobalSection
	GlobalSection(SolutionProperties) = preSolution
		HideSolutionNode = FALSE
	EndGlobalSection
	GlobalSection(ExtensibilityGlobals) = postSolution
		SolutionGuid = {8C78CB3D-E3D3-4DC2-99DC-E40150E49B0C}
	EndGlobalSection
EndGlobal
