
Microsoft Visual Studio Solution File, Format Version 12.00
# Visual Studio Version 17
VisualStudioVersion = 17.10.35013.160
MinimumVisualStudioVersion = 10.0.40219.1
Project("{2150E333-8FDC-42A3-9474-1A3956D46DE8}") = "1_S_Single_Responsibility_Principle", "1_S_Single_Responsibility_Principle", "{E8008A0C-C284-445E-997A-394E9212FF69}"
EndProject
Project("{2150E333-8FDC-42A3-9474-1A3956D46DE8}") = "2_O_Open_Closed_Principle", "2_O_Open_Closed_Principle", "{03ADB503-AAC4-41AB-88DA-4108DB1BDAB3}"
EndProject
Project("{FAE04EC0-301F-11D3-BF4B-00C04F79EFBC}") = "1_S_Single_Responsibility_Principle", "1_S_Single_Responsibility_Principle\1_S_Single_Responsibility_Principle.csproj", "{3E49AC52-2C47-4777-BA06-33E64B886F79}"
EndProject
Global
	GlobalSection(SolutionConfigurationPlatforms) = preSolution
		Debug|Any CPU = Debug|Any CPU
		Release|Any CPU = Release|Any CPU
	EndGlobalSection
	GlobalSection(ProjectConfigurationPlatforms) = postSolution
		{3E49AC52-2C47-4777-BA06-33E64B886F79}.Debug|Any CPU.ActiveCfg = Debug|Any CPU
		{3E49AC52-2C47-4777-BA06-33E64B886F79}.Debug|Any CPU.Build.0 = Debug|Any CPU
		{3E49AC52-2C47-4777-BA06-33E64B886F79}.Release|Any CPU.ActiveCfg = Release|Any CPU
		{3E49AC52-2C47-4777-BA06-33E64B886F79}.Release|Any CPU.Build.0 = Release|Any CPU
	EndGlobalSection
	GlobalSection(SolutionProperties) = preSolution
		HideSolutionNode = FALSE
	EndGlobalSection
	GlobalSection(NestedProjects) = preSolution
		{3E49AC52-2C47-4777-BA06-33E64B886F79} = {E8008A0C-C284-445E-997A-394E9212FF69}
	EndGlobalSection
	GlobalSection(ExtensibilityGlobals) = postSolution
		SolutionGuid = {8C78CB3D-E3D3-4DC2-99DC-E40150E49B0C}
	EndGlobalSection
EndGlobal
